{
  "version": 4,
  "terraform_version": "1.5.7",
  "serial": 3,
  "lineage": "8b0a2519-22e5-3c1a-402b-4332fb8a31dc",
  "outputs": {
    "elb_dns_name": {
      "value": "mycloudelb-255454261.us-east-1.elb.amazonaws.com",
      "type": "string"
    }
  },
  "resources": [
    {
      "mode": "managed",
      "type": "aws_elb",
      "name": "aws_cloud_elb",
      "provider": "provider[\"registry.terraform.io/hashicorp/aws\"]",
      "instances": [
        {
          "schema_version": 0,
          "attributes": {
            "access_logs": [],
            "arn": "arn:aws:elasticloadbalancing:us-east-1:511481907639:loadbalancer/mycloudelb",
            "availability_zones": [
              "us-east-1a",
              "us-east-1b"
            ],
            "connection_draining": true,
            "connection_draining_timeout": 200,
            "cross_zone_load_balancing": true,
            "desync_mitigation_mode": "defensive",
            "dns_name": "mycloudelb-255454261.us-east-1.elb.amazonaws.com",
            "health_check": [
              {
                "healthy_threshold": 2,
                "interval": 30,
                "target": "HTTP:8000/",
                "timeout": 3,
                "unhealthy_threshold": 2
              }
            ],
            "id": "mycloudelb",
            "idle_timeout": 200,
            "instances": [],
            "internal": false,
            "listener": [
              {
                "instance_port": 8000,
                "instance_protocol": "http",
                "lb_port": 80,
                "lb_protocol": "http",
                "ssl_certificate_id": ""
              }
            ],
            "name": "mycloudelb",
            "name_prefix": null,
            "security_groups": [
              "sg-035d3ac1eba84124d"
            ],
            "source_security_group": "511481907639/default_elb_b0e5a55a-cef4-3d0c-8792-bf5f7e5d6bb3",
            "source_security_group_id": "sg-035d3ac1eba84124d",
            "subnets": [
              "subnet-0357e6bdbacaf7288",
              "subnet-0ca4e89ca3b18bd4d"
            ],
            "tags": {
              "Name": "mycloudelb"
            },
            "tags_all": {
              "Name": "mycloudelb"
            },
            "timeouts": null,
            "zone_id": "Z35SXDOTRQ7X7K"
          },
          "sensitive_attributes": [],
          "private": "eyJlMmJmYjczMC1lY2FhLTExZTYtOGY4OC0zNDM2M2JjN2M0YzAiOnsiY3JlYXRlIjozMDAwMDAwMDAwMDAsInVwZGF0ZSI6MzAwMDAwMDAwMDAwfX0="
        }
      ]
    }
  ],
  "check_results": null
}
