{
  "version": 4,
  "terraform_version": "1.5.7",
  "serial": 4,
  "lineage": "86b4e1c2-fcdd-1af5-1e55-efd9de537b6a",
  "outputs": {},
  "resources": [
    {
      "mode": "managed",
      "type": "aws_ebs_snapshot",
      "name": "MyEBS_Vol_Snap",
      "provider": "provider[\"registry.terraform.io/hashicorp/aws\"]",
      "instances": [
        {
          "schema_version": 0,
          "attributes": {
            "arn": "arn:aws:ec2:us-east-1::snapshot/snap-0feccec08201ac63c",
            "data_encryption_key_id": "",
            "description": "",
            "encrypted": false,
            "id": "snap-0feccec08201ac63c",
            "kms_key_id": "",
            "outpost_arn": "",
            "owner_alias": "",
            "owner_id": "511481907639",
            "permanent_restore": null,
            "storage_tier": "standard",
            "tags": {
              "Name": "MyEBS_Vol_Snap"
            },
            "tags_all": {
              "Name": "MyEBS_Vol_Snap"
            },
            "temporary_restore_days": null,
            "timeouts": null,
            "volume_id": "vol-0ad8d9a0982930c11",
            "volume_size": 5
          },
          "sensitive_attributes": [],
          "private": "eyJlMmJmYjczMC1lY2FhLTExZTYtOGY4OC0zNDM2M2JjN2M0YzAiOnsiY3JlYXRlIjo2MDAwMDAwMDAwMDAsImRlbGV0ZSI6NjAwMDAwMDAwMDAwfX0=",
          "dependencies": [
            "aws_ebs_volume.MyEBS_Vol"
          ]
        }
      ]
    },
    {
      "mode": "managed",
      "type": "aws_ebs_snapshot_copy",
      "name": "MyEBS_Vol_Snap_copy",
      "provider": "provider[\"registry.terraform.io/hashicorp/aws\"]",
      "instances": [
        {
          "schema_version": 0,
          "attributes": {
            "arn": "arn:aws:ec2:us-east-1::snapshot/snap-0eabbd857e342b583",
            "data_encryption_key_id": "",
            "description": "",
            "encrypted": false,
            "id": "snap-0eabbd857e342b583",
            "kms_key_id": "",
            "outpost_arn": "",
            "owner_alias": "",
            "owner_id": "511481907639",
            "permanent_restore": null,
            "source_region": "us-east-1",
            "source_snapshot_id": "snap-0feccec08201ac63c",
            "storage_tier": "standard",
            "tags": {
              "Name": "MyEBS_Vol_Snap_copy"
            },
            "tags_all": {
              "Name": "MyEBS_Vol_Snap_copy"
            },
            "temporary_restore_days": null,
            "timeouts": null,
            "volume_id": "vol-ffffffff",
            "volume_size": 5
          },
          "sensitive_attributes": [],
          "private": "eyJlMmJmYjczMC1lY2FhLTExZTYtOGY4OC0zNDM2M2JjN2M0YzAiOnsiY3JlYXRlIjo2MDAwMDAwMDAwMDAsImRlbGV0ZSI6NjAwMDAwMDAwMDAwfX0=",
          "dependencies": [
            "aws_ebs_snapshot.MyEBS_Vol_Snap",
            "aws_ebs_volume.MyEBS_Vol"
          ]
        }
      ]
    },
    {
      "mode": "managed",
      "type": "aws_ebs_volume",
      "name": "MyEBS_Vol",
      "provider": "provider[\"registry.terraform.io/hashicorp/aws\"]",
      "instances": [
        {
          "schema_version": 0,
          "attributes": {
            "arn": "arn:aws:ec2:us-east-1:511481907639:volume/vol-0ad8d9a0982930c11",
            "availability_zone": "us-east-1a",
            "encrypted": false,
            "final_snapshot": false,
            "id": "vol-0ad8d9a0982930c11",
            "iops": 100,
            "kms_key_id": "",
            "multi_attach_enabled": false,
            "outpost_arn": "",
            "size": 5,
            "snapshot_id": "",
            "tags": {
              "Name": "MyEBS_Vol"
            },
            "tags_all": {
              "Name": "MyEBS_Vol"
            },
            "throughput": 0,
            "timeouts": null,
            "type": "gp2"
          },
          "sensitive_attributes": [],
          "private": "eyJlMmJmYjczMC1lY2FhLTExZTYtOGY4OC0zNDM2M2JjN2M0YzAiOnsiY3JlYXRlIjozMDAwMDAwMDAwMDAsImRlbGV0ZSI6MzAwMDAwMDAwMDAwLCJ1cGRhdGUiOjMwMDAwMDAwMDAwMH19"
        }
      ]
    }
  ],
  "check_results": null
}
